// !$*UTF8*$!
{
	archiveVersion = 1;
	classes = {
	};
	objectVersion = 46;
	objects = {

/* Begin PBXBuildFile section */
		6B3E31D71999D78600ED4805 /* Foundation.framework in Frameworks */ = {isa = PBXBuildFile; fileRef = 6B3E31D61999D78600ED4805 /* Foundation.framework */; };
		6B3E31D91999D78600ED4805 /* CoreGraphics.framework in Frameworks */ = {isa = PBXBuildFile; fileRef = 6B3E31D81999D78600ED4805 /* CoreGraphics.framework */; };
		6B3E31DB1999D78600ED4805 /* UIKit.framework in Frameworks */ = {isa = PBXBuildFile; fileRef = 6B3E31DA1999D78600ED4805 /* UIKit.framework */; };
		6B3E31E11999D78600ED4805 /* InfoPlist.strings in Resources */ = {isa = PBXBuildFile; fileRef = 6B3E31DF1999D78600ED4805 /* InfoPlist.strings */; };
		6B3E31E31999D78600ED4805 /* main.m in Sources */ = {isa = PBXBuildFile; fileRef = 6B3E31E21999D78600ED4805 /* main.m */; };
		6B3E31E71999D78600ED4805 /* BWAppDelegate.m in Sources */ = {isa = PBXBuildFile; fileRef = 6B3E31E61999D78600ED4805 /* BWAppDelegate.m */; };
		6B3E31EA1999D78600ED4805 /* Main.storyboard in Resources */ = {isa = PBXBuildFile; fileRef = 6B3E31E81999D78600ED4805 /* Main.storyboard */; };
		6B3E31ED1999D78600ED4805 /* BWAlbumViewController.m in Sources */ = {isa = PBXBuildFile; fileRef = 6B3E31EC1999D78600ED4805 /* BWAlbumViewController.m */; };
		6B3E31EF1999D78600ED4805 /* Images.xcassets in Resources */ = {isa = PBXBuildFile; fileRef = 6B3E31EE1999D78600ED4805 /* Images.xcassets */; };
		6B3E31F61999D78600ED4805 /* XCTest.framework in Frameworks */ = {isa = PBXBuildFile; fileRef = 6B3E31F51999D78600ED4805 /* XCTest.framework */; };
		6B3E31F71999D78600ED4805 /* Foundation.framework in Frameworks */ = {isa = PBXBuildFile; fileRef = 6B3E31D61999D78600ED4805 /* Foundation.framework */; };
		6B3E31F81999D78600ED4805 /* UIKit.framework in Frameworks */ = {isa = PBXBuildFile; fileRef = 6B3E31DA1999D78600ED4805 /* UIKit.framework */; };
		6B3E32001999D78600ED4805 /* InfoPlist.strings in Resources */ = {isa = PBXBuildFile; fileRef = 6B3E31FE1999D78600ED4805 /* InfoPlist.strings */; };
		6B3E32021999D78600ED4805 /* MidTermTests.m in Sources */ = {isa = PBXBuildFile; fileRef = 6B3E32011999D78600ED4805 /* MidTermTests.m */; };
		6B3E32221999D7BA00ED4805 /* 01.jpg in Resources */ = {isa = PBXBuildFile; fileRef = 6B3E320C1999D7BA00ED4805 /* 01.jpg */; };
		6B3E32231999D7BA00ED4805 /* 02.jpg in Resources */ = {isa = PBXBuildFile; fileRef = 6B3E320D1999D7BA00ED4805 /* 02.jpg */; };
		6B3E32241999D7BA00ED4805 /* 03.jpg in Resources */ = {isa = PBXBuildFile; fileRef = 6B3E320E1999D7BA00ED4805 /* 03.jpg */; };
		6B3E32251999D7BA00ED4805 /* 04.jpg in Resources */ = {isa = PBXBuildFile; fileRef = 6B3E320F1999D7BA00ED4805 /* 04.jpg */; };
		6B3E32261999D7BA00ED4805 /* 05.jpg in Resources */ = {isa = PBXBuildFile; fileRef = 6B3E32101999D7BA00ED4805 /* 05.jpg */; };
		6B3E32271999D7BA00ED4805 /* 06.jpg in Resources */ = {isa = PBXBuildFile; fileRef = 6B3E32111999D7BA00ED4805 /* 06.jpg */; };
		6B3E32281999D7BA00ED4805 /* 07.jpg in Resources */ = {isa = PBXBuildFile; fileRef = 6B3E32121999D7BA00ED4805 /* 07.jpg */; };
		6B3E32291999D7BA00ED4805 /* 08.jpg in Resources */ = {isa = PBXBuildFile; fileRef = 6B3E32131999D7BA00ED4805 /* 08.jpg */; };
		6B3E322A1999D7BA00ED4805 /* 09.jpg in Resources */ = {isa = PBXBuildFile; fileRef = 6B3E32141999D7BA00ED4805 /* 09.jpg */; };
		6B3E322B1999D7BA00ED4805 /* 10.jpg in Resources */ = {isa = PBXBuildFile; fileRef = 6B3E32151999D7BA00ED4805 /* 10.jpg */; };
		6B3E322C1999D7BA00ED4805 /* 11.jpg in Resources */ = {isa = PBXBuildFile; fileRef = 6B3E32161999D7BA00ED4805 /* 11.jpg */; };
		6B3E322D1999D7BA00ED4805 /* 12.jpg in Resources */ = {isa = PBXBuildFile; fileRef = 6B3E32171999D7BA00ED4805 /* 12.jpg */; };
		6B3E322E1999D7BA00ED4805 /* 13.jpg in Resources */ = {isa = PBXBuildFile; fileRef = 6B3E32181999D7BA00ED4805 /* 13.jpg */; };
		6B3E322F1999D7BA00ED4805 /* 14.jpg in Resources */ = {isa = PBXBuildFile; fileRef = 6B3E32191999D7BA00ED4805 /* 14.jpg */; };
		6B3E32301999D7BA00ED4805 /* 15.jpg in Resources */ = {isa = PBXBuildFile; fileRef = 6B3E321A1999D7BA00ED4805 /* 15.jpg */; };
		6B3E32311999D7BA00ED4805 /* 16.jpg in Resources */ = {isa = PBXBuildFile; fileRef = 6B3E321B1999D7BA00ED4805 /* 16.jpg */; };
		6B3E32321999D7BA00ED4805 /* 17.jpg in Resources */ = {isa = PBXBuildFile; fileRef = 6B3E321C1999D7BA00ED4805 /* 17.jpg */; };
		6B3E32331999D7BA00ED4805 /* 18.jpg in Resources */ = {isa = PBXBuildFile; fileRef = 6B3E321D1999D7BA00ED4805 /* 18.jpg */; };
		6B3E32341999D7BA00ED4805 /* 19.jpg in Resources */ = {isa = PBXBuildFile; fileRef = 6B3E321E1999D7BA00ED4805 /* 19.jpg */; };
		6B3E32351999D7BA00ED4805 /* 20.jpg in Resources */ = {isa = PBXBuildFile; fileRef = 6B3E321F1999D7BA00ED4805 /* 20.jpg */; };
		6B3E32361999D7BA00ED4805 /* 21.jpg in Resources */ = {isa = PBXBuildFile; fileRef = 6B3E32201999D7BA00ED4805 /* 21.jpg */; };
		6B3E32371999D7BA00ED4805 /* 22.jpg in Resources */ = {isa = PBXBuildFile; fileRef = 6B3E32211999D7BA00ED4805 /* 22.jpg */; };
		6B3E323A1999DAA000ED4805 /* BWPhotoViewController.m in Sources */ = {isa = PBXBuildFile; fileRef = 6B3E32391999DAA000ED4805 /* BWPhotoViewController.m */; };
		6B3E323D1999DB5B00ED4805 /* BWDataModel.m in Sources */ = {isa = PBXBuildFile; fileRef = 6B3E323C1999DB5B00ED4805 /* BWDataModel.m */; };
		6B3E32401999E73800ED4805 /* BWTableView.m in Sources */ = {isa = PBXBuildFile; fileRef = 6B3E323F1999E73800ED4805 /* BWTableView.m */; };
/* End PBXBuildFile section */

/* Begin PBXContainerItemProxy section */
		6B3E31F91999D78600ED4805 /* PBXContainerItemProxy */ = {
			isa = PBXContainerItemProxy;
			containerPortal = 6B3E31CB1999D78600ED4805 /* Project object */;
			proxyType = 1;
			remoteGlobalIDString = 6B3E31D21999D78600ED4805;
			remoteInfo = MidTerm;
		};
/* End PBXContainerItemProxy section */

/* Begin PBXFileReference section */
		6B3E31D31999D78600ED4805 /* MidTerm.app */ = {isa = PBXFileReference; explicitFileType = wrapper.application; includeInIndex = 0; path = MidTerm.app; sourceTree = BUILT_PRODUCTS_DIR; };
		6B3E31D61999D78600ED4805 /* Foundation.framework */ = {isa = PBXFileReference; lastKnownFileType = wrapper.framework; name = Foundation.framework; path = System/Library/Frameworks/Foundation.framework; sourceTree = SDKROOT; };
		6B3E31D81999D78600ED4805 /* CoreGraphics.framework */ = {isa = PBXFileReference; lastKnownFileType = wrapper.framework; name = CoreGraphics.framework; path = System/Library/Frameworks/CoreGraphics.framework; sourceTree = SDKROOT; };
		6B3E31DA1999D78600ED4805 /* UIKit.framework */ = {isa = PBXFileReference; lastKnownFileType = wrapper.framework; name = UIKit.framework; path = System/Library/Frameworks/UIKit.framework; sourceTree = SDKROOT; };
		6B3E31DE1999D78600ED4805 /* MidTerm-Info.plist */ = {isa = PBXFileReference; lastKnownFileType = text.plist.xml; path = "MidTerm-Info.plist"; sourceTree = "<group>"; };
		6B3E31E01999D78600ED4805 /* en */ = {isa = PBXFileReference; lastKnownFileType = text.plist.strings; name = en; path = en.lproj/InfoPlist.strings; sourceTree = "<group>"; };
		6B3E31E21999D78600ED4805 /* main.m */ = {isa = PBXFileReference; lastKnownFileType = sourcecode.c.objc; path = main.m; sourceTree = "<group>"; };
		6B3E31E41999D78600ED4805 /* MidTerm-Prefix.pch */ = {isa = PBXFileReference; lastKnownFileType = sourcecode.c.h; path = "MidTerm-Prefix.pch"; sourceTree = "<group>"; };
		6B3E31E51999D78600ED4805 /* BWAppDelegate.h */ = {isa = PBXFileReference; lastKnownFileType = sourcecode.c.h; path = BWAppDelegate.h; sourceTree = "<group>"; };
		6B3E31E61999D78600ED4805 /* BWAppDelegate.m */ = {isa = PBXFileReference; lastKnownFileType = sourcecode.c.objc; path = BWAppDelegate.m; sourceTree = "<group>"; };
		6B3E31E91999D78600ED4805 /* Base */ = {isa = PBXFileReference; lastKnownFileType = file.storyboard; name = Base; path = Base.lproj/Main.storyboard; sourceTree = "<group>"; };
		6B3E31EB1999D78600ED4805 /* BWAlbumViewController.h */ = {isa = PBXFileReference; lastKnownFileType = sourcecode.c.h; path = BWAlbumViewController.h; sourceTree = "<group>"; };
		6B3E31EC1999D78600ED4805 /* BWAlbumViewController.m */ = {isa = PBXFileReference; lastKnownFileType = sourcecode.c.objc; path = BWAlbumViewController.m; sourceTree = "<group>"; };
		6B3E31EE1999D78600ED4805 /* Images.xcassets */ = {isa = PBXFileReference; lastKnownFileType = folder.assetcatalog; path = Images.xcassets; sourceTree = "<group>"; };
		6B3E31F41999D78600ED4805 /* MidTermTests.xctest */ = {isa = PBXFileReference; explicitFileType = wrapper.cfbundle; includeInIndex = 0; path = MidTermTests.xctest; sourceTree = BUILT_PRODUCTS_DIR; };
		6B3E31F51999D78600ED4805 /* XCTest.framework */ = {isa = PBXFileReference; lastKnownFileType = wrapper.framework; name = XCTest.framework; path = Library/Frameworks/XCTest.framework; sourceTree = DEVELOPER_DIR; };
		6B3E31FD1999D78600ED4805 /* MidTermTests-Info.plist */ = {isa = PBXFileReference; lastKnownFileType = text.plist.xml; path = "MidTermTests-Info.plist"; sourceTree = "<group>"; };
		6B3E31FF1999D78600ED4805 /* en */ = {isa = PBXFileReference; lastKnownFileType = text.plist.strings; name = en; path = en.lproj/InfoPlist.strings; sourceTree = "<group>"; };
		6B3E32011999D78600ED4805 /* MidTermTests.m */ = {isa = PBXFileReference; lastKnownFileType = sourcecode.c.objc; path = MidTermTests.m; sourceTree = "<group>"; };
		6B3E320C1999D7BA00ED4805 /* 01.jpg */ = {isa = PBXFileReference; lastKnownFileType = image.jpeg; path = 01.jpg; sourceTree = "<group>"; };
		6B3E320D1999D7BA00ED4805 /* 02.jpg */ = {isa = PBXFileReference; lastKnownFileType = image.jpeg; path = 02.jpg; sourceTree = "<group>"; };
		6B3E320E1999D7BA00ED4805 /* 03.jpg */ = {isa = PBXFileReference; lastKnownFileType = image.jpeg; path = 03.jpg; sourceTree = "<group>"; };
		6B3E320F1999D7BA00ED4805 /* 04.jpg */ = {isa = PBXFileReference; lastKnownFileType = image.jpeg; path = 04.jpg; sourceTree = "<group>"; };
		6B3E32101999D7BA00ED4805 /* 05.jpg */ = {isa = PBXFileReference; lastKnownFileType = image.jpeg; path = 05.jpg; sourceTree = "<group>"; };
		6B3E32111999D7BA00ED4805 /* 06.jpg */ = {isa = PBXFileReference; lastKnownFileType = image.jpeg; path = 06.jpg; sourceTree = "<group>"; };
		6B3E32121999D7BA00ED4805 /* 07.jpg */ = {isa = PBXFileReference; lastKnownFileType = image.jpeg; path = 07.jpg; sourceTree = "<group>"; };
		6B3E32131999D7BA00ED4805 /* 08.jpg */ = {isa = PBXFileReference; lastKnownFileType = image.jpeg; path = 08.jpg; sourceTree = "<group>"; };
		6B3E32141999D7BA00ED4805 /* 09.jpg */ = {isa = PBXFileReference; lastKnownFileType = image.jpeg; path = 09.jpg; sourceTree = "<group>"; };
		6B3E32151999D7BA00ED4805 /* 10.jpg */ = {isa = PBXFileReference; lastKnownFileType = image.jpeg; path = 10.jpg; sourceTree = "<group>"; };
		6B3E32161999D7BA00ED4805 /* 11.jpg */ = {isa = PBXFileReference; lastKnownFileType = image.jpeg; path = 11.jpg; sourceTree = "<group>"; };
		6B3E32171999D7BA00ED4805 /* 12.jpg */ = {isa = PBXFileReference; lastKnownFileType = image.jpeg; path = 12.jpg; sourceTree = "<group>"; };
		6B3E32181999D7BA00ED4805 /* 13.jpg */ = {isa = PBXFileReference; lastKnownFileType = image.jpeg; path = 13.jpg; sourceTree = "<group>"; };
		6B3E32191999D7BA00ED4805 /* 14.jpg */ = {isa = PBXFileReference; lastKnownFileType = image.jpeg; path = 14.jpg; sourceTree = "<group>"; };
		6B3E321A1999D7BA00ED4805 /* 15.jpg */ = {isa = PBXFileReference; lastKnownFileType = image.jpeg; path = 15.jpg; sourceTree = "<group>"; };
		6B3E321B1999D7BA00ED4805 /* 16.jpg */ = {isa = PBXFileReference; lastKnownFileType = image.jpeg; path = 16.jpg; sourceTree = "<group>"; };
		6B3E321C1999D7BA00ED4805 /* 17.jpg */ = {isa = PBXFileReference; lastKnownFileType = image.jpeg; path = 17.jpg; sourceTree = "<group>"; };
		6B3E321D1999D7BA00ED4805 /* 18.jpg */ = {isa = PBXFileReference; lastKnownFileType = image.jpeg; path = 18.jpg; sourceTree = "<group>"; };
		6B3E321E1999D7BA00ED4805 /* 19.jpg */ = {isa = PBXFileReference; lastKnownFileType = image.jpeg; path = 19.jpg; sourceTree = "<group>"; };
		6B3E321F1999D7BA00ED4805 /* 20.jpg */ = {isa = PBXFileReference; lastKnownFileType = image.jpeg; path = 20.jpg; sourceTree = "<group>"; };
		6B3E32201999D7BA00ED4805 /* 21.jpg */ = {isa = PBXFileReference; lastKnownFileType = image.jpeg; path = 21.jpg; sourceTree = "<group>"; };
		6B3E32211999D7BA00ED4805 /* 22.jpg */ = {isa = PBXFileReference; lastKnownFileType = image.jpeg; path = 22.jpg; sourceTree = "<group>"; };
		6B3E32381999DAA000ED4805 /* BWPhotoViewController.h */ = {isa = PBXFileReference; fileEncoding = 4; lastKnownFileType = sourcecode.c.h; path = BWPhotoViewController.h; sourceTree = "<group>"; };
		6B3E32391999DAA000ED4805 /* BWPhotoViewController.m */ = {isa = PBXFileReference; fileEncoding = 4; lastKnownFileType = sourcecode.c.objc; path = BWPhotoViewController.m; sourceTree = "<group>"; };
		6B3E323B1999DB5B00ED4805 /* BWDataModel.h */ = {isa = PBXFileReference; fileEncoding = 4; lastKnownFileType = sourcecode.c.h; path = BWDataModel.h; sourceTree = "<group>"; };
		6B3E323C1999DB5B00ED4805 /* BWDataModel.m */ = {isa = PBXFileReference; fileEncoding = 4; lastKnownFileType = sourcecode.c.objc; path = BWDataModel.m; sourceTree = "<group>"; };
		6B3E323E1999E73800ED4805 /* BWTableView.h */ = {isa = PBXFileReference; fileEncoding = 4; lastKnownFileType = sourcecode.c.h; path = BWTableView.h; sourceTree = "<group>"; };
		6B3E323F1999E73800ED4805 /* BWTableView.m */ = {isa = PBXFileReference; fileEncoding = 4; lastKnownFileType = sourcecode.c.objc; path = BWTableView.m; sourceTree = "<group>"; };
/* End PBXFileReference section */

/* Begin PBXFrameworksBuildPhase section */
		6B3E31D01999D78600ED4805 /* Frameworks */ = {
			isa = PBXFrameworksBuildPhase;
			buildActionMask = 2147483647;
			files = (
				6B3E31D91999D78600ED4805 /* CoreGraphics.framework in Frameworks */,
				6B3E31DB1999D78600ED4805 /* UIKit.framework in Frameworks */,
				6B3E31D71999D78600ED4805 /* Foundation.framework in Frameworks */,
			);
			runOnlyForDeploymentPostprocessing = 0;
		};
		6B3E31F11999D78600ED4805 /* Frameworks */ = {
			isa = PBXFrameworksBuildPhase;
			buildActionMask = 2147483647;
			files = (
				6B3E31F61999D78600ED4805 /* XCTest.framework in Frameworks */,
				6B3E31F81999D78600ED4805 /* UIKit.framework in Frameworks */,
				6B3E31F71999D78600ED4805 /* Foundation.framework in Frameworks */,
			);
			runOnlyForDeploymentPostprocessing = 0;
		};
/* End PBXFrameworksBuildPhase section */

/* Begin PBXGroup section */
		6B3E31CA1999D78600ED4805 = {
			isa = PBXGroup;
			children = (
				6B3E31DC1999D78600ED4805 /* MidTerm */,
				6B3E31FB1999D78600ED4805 /* MidTermTests */,
				6B3E31D51999D78600ED4805 /* Frameworks */,
				6B3E31D41999D78600ED4805 /* Products */,
			);
			sourceTree = "<group>";
		};
		6B3E31D41999D78600ED4805 /* Products */ = {
			isa = PBXGroup;
			children = (
				6B3E31D31999D78600ED4805 /* MidTerm.app */,
				6B3E31F41999D78600ED4805 /* MidTermTests.xctest */,
			);
			name = Products;
			sourceTree = "<group>";
		};
		6B3E31D51999D78600ED4805 /* Frameworks */ = {
			isa = PBXGroup;
			children = (
				6B3E31D61999D78600ED4805 /* Foundation.framework */,
				6B3E31D81999D78600ED4805 /* CoreGraphics.framework */,
				6B3E31DA1999D78600ED4805 /* UIKit.framework */,
				6B3E31F51999D78600ED4805 /* XCTest.framework */,
			);
			name = Frameworks;
			sourceTree = "<group>";
		};
		6B3E31DC1999D78600ED4805 /* MidTerm */ = {
			isa = PBXGroup;
			children = (
				6B3E320B1999D78D00ED4805 /* image */,
				6B3E31E51999D78600ED4805 /* BWAppDelegate.h */,
				6B3E31E61999D78600ED4805 /* BWAppDelegate.m */,
				6B3E31E81999D78600ED4805 /* Main.storyboard */,
				6B3E31EB1999D78600ED4805 /* BWAlbumViewController.h */,
				6B3E31EC1999D78600ED4805 /* BWAlbumViewController.m */,
				6B3E32381999DAA000ED4805 /* BWPhotoViewController.h */,
				6B3E32391999DAA000ED4805 /* BWPhotoViewController.m */,
				6B3E323E1999E73800ED4805 /* BWTableView.h */,
				6B3E323F1999E73800ED4805 /* BWTableView.m */,
				6B3E323B1999DB5B00ED4805 /* BWDataModel.h */,
				6B3E323C1999DB5B00ED4805 /* BWDataModel.m */,
				6B3E31EE1999D78600ED4805 /* Images.xcassets */,
				6B3E31DD1999D78600ED4805 /* Supporting Files */,
			);
			path = MidTerm;
			sourceTree = "<group>";
		};
		6B3E31DD1999D78600ED4805 /* Supporting Files */ = {
			isa = PBXGroup;
			children = (
				6B3E31DE1999D78600ED4805 /* MidTerm-Info.plist */,
				6B3E31DF1999D78600ED4805 /* InfoPlist.strings */,
				6B3E31E21999D78600ED4805 /* main.m */,
				6B3E31E41999D78600ED4805 /* MidTerm-Prefix.pch */,
			);
			name = "Supporting Files";
			sourceTree = "<group>";
		};
		6B3E31FB1999D78600ED4805 /* MidTermTests */ = {
			isa = PBXGroup;
			children = (
				6B3E32011999D78600ED4805 /* MidTermTests.m */,
				6B3E31FC1999D78600ED4805 /* Supporting Files */,
			);
			path = MidTermTests;
			sourceTree = "<group>";
		};
		6B3E31FC1999D78600ED4805 /* Supporting Files */ = {
			isa = PBXGroup;
			children = (
				6B3E31FD1999D78600ED4805 /* MidTermTests-Info.plist */,
				6B3E31FE1999D78600ED4805 /* InfoPlist.strings */,
			);
			name = "Supporting Files";
			sourceTree = "<group>";
		};
		6B3E320B1999D78D00ED4805 /* image */ = {
			isa = PBXGroup;
			children = (
				6B3E320C1999D7BA00ED4805 /* 01.jpg */,
				6B3E320D1999D7BA00ED4805 /* 02.jpg */,
				6B3E320E1999D7BA00ED4805 /* 03.jpg */,
				6B3E320F1999D7BA00ED4805 /* 04.jpg */,
				6B3E32101999D7BA00ED4805 /* 05.jpg */,
				6B3E32111999D7BA00ED4805 /* 06.jpg */,
				6B3E32121999D7BA00ED4805 /* 07.jpg */,
				6B3E32131999D7BA00ED4805 /* 08.jpg */,
				6B3E32141999D7BA00ED4805 /* 09.jpg */,
				6B3E32151999D7BA00ED4805 /* 10.jpg */,
				6B3E32161999D7BA00ED4805 /* 11.jpg */,
				6B3E32171999D7BA00ED4805 /* 12.jpg */,
				6B3E32181999D7BA00ED4805 /* 13.jpg */,
				6B3E32191999D7BA00ED4805 /* 14.jpg */,
				6B3E321A1999D7BA00ED4805 /* 15.jpg */,
				6B3E321B1999D7BA00ED4805 /* 16.jpg */,
				6B3E321C1999D7BA00ED4805 /* 17.jpg */,
				6B3E321D1999D7BA00ED4805 /* 18.jpg */,
				6B3E321E1999D7BA00ED4805 /* 19.jpg */,
				6B3E321F1999D7BA00ED4805 /* 20.jpg */,
				6B3E32201999D7BA00ED4805 /* 21.jpg */,
				6B3E32211999D7BA00ED4805 /* 22.jpg */,
			);
			name = image;
			sourceTree = "<group>";
		};
/* End PBXGroup section */

/* Begin PBXNativeTarget section */
		6B3E31D21999D78600ED4805 /* MidTerm */ = {
			isa = PBXNativeTarget;
			buildConfigurationList = 6B3E32051999D78600ED4805 /* Build configuration list for PBXNativeTarget "MidTerm" */;
			buildPhases = (
				6B3E31CF1999D78600ED4805 /* Sources */,
				6B3E31D01999D78600ED4805 /* Frameworks */,
				6B3E31D11999D78600ED4805 /* Resources */,
			);
			buildRules = (
			);
			dependencies = (
			);
			name = MidTerm;
			productName = MidTerm;
			productReference = 6B3E31D31999D78600ED4805 /* MidTerm.app */;
			productType = "com.apple.product-type.application";
		};
		6B3E31F31999D78600ED4805 /* MidTermTests */ = {
			isa = PBXNativeTarget;
			buildConfigurationList = 6B3E32081999D78600ED4805 /* Build configuration list for PBXNativeTarget "MidTermTests" */;
			buildPhases = (
				6B3E31F01999D78600ED4805 /* Sources */,
				6B3E31F11999D78600ED4805 /* Frameworks */,
				6B3E31F21999D78600ED4805 /* Resources */,
			);
			buildRules = (
			);
			dependencies = (
				6B3E31FA1999D78600ED4805 /* PBXTargetDependency */,
			);
			name = MidTermTests;
			productName = MidTermTests;
			productReference = 6B3E31F41999D78600ED4805 /* MidTermTests.xctest */;
			productType = "com.apple.product-type.bundle.unit-test";
		};
/* End PBXNativeTarget section */

/* Begin PBXProject section */
		6B3E31CB1999D78600ED4805 /* Project object */ = {
			isa = PBXProject;
			attributes = {
				CLASSPREFIX = BW;
				LastUpgradeCheck = 0510;
				ORGANIZATIONNAME = nhnnext;
				TargetAttributes = {
					6B3E31F31999D78600ED4805 = {
						TestTargetID = 6B3E31D21999D78600ED4805;
					};
				};
			};
			buildConfigurationList = 6B3E31CE1999D78600ED4805 /* Build configuration list for PBXProject "MidTerm" */;
			compatibilityVersion = "Xcode 3.2";
			developmentRegion = English;
			hasScannedForEncodings = 0;
			knownRegions = (
				en,
				Base,
			);
			mainGroup = 6B3E31CA1999D78600ED4805;
			productRefGroup = 6B3E31D41999D78600ED4805 /* Products */;
			projectDirPath = "";
			projectRoot = "";
			targets = (
				6B3E31D21999D78600ED4805 /* MidTerm */,
				6B3E31F31999D78600ED4805 /* MidTermTests */,
			);
		};
/* End PBXProject section */

/* Begin PBXResourcesBuildPhase section */
		6B3E31D11999D78600ED4805 /* Resources */ = {
			isa = PBXResourcesBuildPhase;
			buildActionMask = 2147483647;
			files = (
				6B3E322B1999D7BA00ED4805 /* 10.jpg in Resources */,
				6B3E32281999D7BA00ED4805 /* 07.jpg in Resources */,
				6B3E32351999D7BA00ED4805 /* 20.jpg in Resources */,
				6B3E32241999D7BA00ED4805 /* 03.jpg in Resources */,
				6B3E32291999D7BA00ED4805 /* 08.jpg in Resources */,
				6B3E32231999D7BA00ED4805 /* 02.jpg in Resources */,
				6B3E32331999D7BA00ED4805 /* 18.jpg in Resources */,
				6B3E32321999D7BA00ED4805 /* 17.jpg in Resources */,
				6B3E322D1999D7BA00ED4805 /* 12.jpg in Resources */,
				6B3E322C1999D7BA00ED4805 /* 11.jpg in Resources */,
				6B3E32371999D7BA00ED4805 /* 22.jpg in Resources */,
				6B3E32341999D7BA00ED4805 /* 19.jpg in Resources */,
				6B3E32261999D7BA00ED4805 /* 05.jpg in Resources */,
				6B3E322F1999D7BA00ED4805 /* 14.jpg in Resources */,
				6B3E32271999D7BA00ED4805 /* 06.jpg in Resources */,
				6B3E322E1999D7BA00ED4805 /* 13.jpg in Resources */,
				6B3E322A1999D7BA00ED4805 /* 09.jpg in Resources */,
				6B3E32361999D7BA00ED4805 /* 21.jpg in Resources */,
				6B3E31EF1999D78600ED4805 /* Images.xcassets in Resources */,
				6B3E31E11999D78600ED4805 /* InfoPlist.strings in Resources */,
				6B3E32251999D7BA00ED4805 /* 04.jpg in Resources */,
				6B3E32221999D7BA00ED4805 /* 01.jpg in Resources */,
				6B3E32311999D7BA00ED4805 /* 16.jpg in Resources */,
				6B3E31EA1999D78600ED4805 /* Main.storyboard in Resources */,
				6B3E32301999D7BA00ED4805 /* 15.jpg in Resources */,
			);
			runOnlyForDeploymentPostprocessing = 0;
		};
		6B3E31F21999D78600ED4805 /* Resources */ = {
			isa = PBXResourcesBuildPhase;
			buildActionMask = 2147483647;
			files = (
				6B3E32001999D78600ED4805 /* InfoPlist.strings in Resources */,
			);
			runOnlyForDeploymentPostprocessing = 0;
		};
/* End PBXResourcesBuildPhase section */

/* Begin PBXSourcesBuildPhase section */
		6B3E31CF1999D78600ED4805 /* Sources */ = {
			isa = PBXSourcesBuildPhase;
			buildActionMask = 2147483647;
			files = (
				6B3E323A1999DAA000ED4805 /* BWPhotoViewController.m in Sources */,
				6B3E31ED1999D78600ED4805 /* BWAlbumViewController.m in Sources */,
				6B3E32401999E73800ED4805 /* BWTableView.m in Sources */,
				6B3E31E31999D78600ED4805 /* main.m in Sources */,
				6B3E31E71999D78600ED4805 /* BWAppDelegate.m in Sources */,
				6B3E323D1999DB5B00ED4805 /* BWDataModel.m in Sources */,
			);
			runOnlyForDeploymentPostprocessing = 0;
		};
		6B3E31F01999D78600ED4805 /* Sources */ = {
			isa = PBXSourcesBuildPhase;
			buildActionMask = 2147483647;
			files = (
				6B3E32021999D78600ED4805 /* MidTermTests.m in Sources */,
			);
			runOnlyForDeploymentPostprocessing = 0;
		};
/* End PBXSourcesBuildPhase section */

/* Begin PBXTargetDependency section */
		6B3E31FA1999D78600ED4805 /* PBXTargetDependency */ = {
			isa = PBXTargetDependency;
			target = 6B3E31D21999D78600ED4805 /* MidTerm */;
			targetProxy = 6B3E31F91999D78600ED4805 /* PBXContainerItemProxy */;
		};
/* End PBXTargetDependency section */

/* Begin PBXVariantGroup section */
		6B3E31DF1999D78600ED4805 /* InfoPlist.strings */ = {
			isa = PBXVariantGroup;
			children = (
				6B3E31E01999D78600ED4805 /* en */,
			);
			name = InfoPlist.strings;
			sourceTree = "<group>";
		};
		6B3E31E81999D78600ED4805 /* Main.storyboard */ = {
			isa = PBXVariantGroup;
			children = (
				6B3E31E91999D78600ED4805 /* Base */,
			);
			name = Main.storyboard;
			sourceTree = "<group>";
		};
		6B3E31FE1999D78600ED4805 /* InfoPlist.strings */ = {
			isa = PBXVariantGroup;
			children = (
				6B3E31FF1999D78600ED4805 /* en */,
			);
			name = InfoPlist.strings;
			sourceTree = "<group>";
		};
/* End PBXVariantGroup section */

/* Begin XCBuildConfiguration section */
		6B3E32031999D78600ED4805 /* Debug */ = {
			isa = XCBuildConfiguration;
			buildSettings = {
				ALWAYS_SEARCH_USER_PATHS = NO;
				CLANG_CXX_LANGUAGE_STANDARD = "gnu++0x";
				CLANG_CXX_LIBRARY = "libc++";
				CLANG_ENABLE_MODULES = YES;
				CLANG_ENABLE_OBJC_ARC = YES;
				CLANG_WARN_BOOL_CONVERSION = YES;
				CLANG_WARN_CONSTANT_CONVERSION = YES;
				CLANG_WARN_DIRECT_OBJC_ISA_USAGE = YES_ERROR;
				CLANG_WARN_EMPTY_BODY = YES;
				CLANG_WARN_ENUM_CONVERSION = YES;
				CLANG_WARN_INT_CONVERSION = YES;
				CLANG_WARN_OBJC_ROOT_CLASS = YES_ERROR;
				CLANG_WARN__DUPLICATE_METHOD_MATCH = YES;
				"CODE_SIGN_IDENTITY[sdk=iphoneos*]" = "iPhone Developer";
				COPY_PHASE_STRIP = NO;
				GCC_C_LANGUAGE_STANDARD = gnu99;
				GCC_DYNAMIC_NO_PIC = NO;
				GCC_OPTIMIZATION_LEVEL = 0;
				GCC_PREPROCESSOR_DEFINITIONS = (
					"DEBUG=1",
					"$(inherited)",
				);
				GCC_SYMBOLS_PRIVATE_EXTERN = NO;
				GCC_WARN_64_TO_32_BIT_CONVERSION = YES;
				GCC_WARN_ABOUT_RETURN_TYPE = YES_ERROR;
				GCC_WARN_UNDECLARED_SELECTOR = YES;
				GCC_WARN_UNINITIALIZED_AUTOS = YES_AGGRESSIVE;
				GCC_WARN_UNUSED_FUNCTION = YES;
				GCC_WARN_UNUSED_VARIABLE = YES;
				IPHONEOS_DEPLOYMENT_TARGET = 7.1;
				ONLY_ACTIVE_ARCH = YES;
				SDKROOT = iphoneos;
			};
			name = Debug;
		};
		6B3E32041999D78600ED4805 /* Release */ = {
			isa = XCBuildConfiguration;
			buildSettings = {
				ALWAYS_SEARCH_USER_PATHS = NO;
				CLANG_CXX_LANGUAGE_STANDARD = "gnu++0x";
				CLANG_CXX_LIBRARY = "libc++";
				CLANG_ENABLE_MODULES = YES;
				CLANG_ENABLE_OBJC_ARC = YES;
				CLANG_WARN_BOOL_CONVERSION = YES;
				CLANG_WARN_CONSTANT_CONVERSION = YES;
				CLANG_WARN_DIRECT_OBJC_ISA_USAGE = YES_ERROR;
				CLANG_WARN_EMPTY_BODY = YES;
				CLANG_WARN_ENUM_CONVERSION = YES;
				CLANG_WARN_INT_CONVERSION = YES;
				CLANG_WARN_OBJC_ROOT_CLASS = YES_ERROR;
				CLANG_WARN__DUPLICATE_METHOD_MATCH = YES;
				"CODE_SIGN_IDENTITY[sdk=iphoneos*]" = "iPhone Developer";
				COPY_PHASE_STRIP = YES;
				ENABLE_NS_ASSERTIONS = NO;
				GCC_C_LANGUAGE_STANDARD = gnu99;
				GCC_WARN_64_TO_32_BIT_CONVERSION = YES;
				GCC_WARN_ABOUT_RETURN_TYPE = YES_ERROR;
				GCC_WARN_UNDECLARED_SELECTOR = YES;
				GCC_WARN_UNINITIALIZED_AUTOS = YES_AGGRESSIVE;
				GCC_WARN_UNUSED_FUNCTION = YES;
				GCC_WARN_UNUSED_VARIABLE = YES;
				IPHONEOS_DEPLOYMENT_TARGET = 7.1;
				SDKROOT = iphoneos;
				VALIDATE_PRODUCT = YES;
			};
			name = Release;
		};
		6B3E32061999D78600ED4805 /* Debug */ = {
			isa = XCBuildConfiguration;
			buildSettings = {
				ASSETCATALOG_COMPILER_APPICON_NAME = AppIcon;
				ASSETCATALOG_COMPILER_LAUNCHIMAGE_NAME = LaunchImage;
				GCC_PRECOMPILE_PREFIX_HEADER = YES;
				GCC_PREFIX_HEADER = "MidTerm/MidTerm-Prefix.pch";
				INFOPLIST_FILE = "MidTerm/MidTerm-Info.plist";
				PRODUCT_NAME = "$(TARGET_NAME)";
				WRAPPER_EXTENSION = app;
			};
			name = Debug;
		};
		6B3E32071999D78600ED4805 /* Release */ = {
			isa = XCBuildConfiguration;
			buildSettings = {
				ASSETCATALOG_COMPILER_APPICON_NAME = AppIcon;
				ASSETCATALOG_COMPILER_LAUNCHIMAGE_NAME = LaunchImage;
				GCC_PRECOMPILE_PREFIX_HEADER = YES;
				GCC_PREFIX_HEADER = "MidTerm/MidTerm-Prefix.pch";
				INFOPLIST_FILE = "MidTerm/MidTerm-Info.plist";
				PRODUCT_NAME = "$(TARGET_NAME)";
				WRAPPER_EXTENSION = app;
			};
			name = Release;
		};
		6B3E32091999D78600ED4805 /* Debug */ = {
			isa = XCBuildConfiguration;
			buildSettings = {
				BUNDLE_LOADER = "$(BUILT_PRODUCTS_DIR)/MidTerm.app/MidTerm";
				FRAMEWORK_SEARCH_PATHS = (
					"$(SDKROOT)/Developer/Library/Frameworks",
					"$(inherited)",
					"$(DEVELOPER_FRAMEWORKS_DIR)",
				);
				GCC_PRECOMPILE_PREFIX_HEADER = YES;
				GCC_PREFIX_HEADER = "MidTerm/MidTerm-Prefix.pch";
				GCC_PREPROCESSOR_DEFINITIONS = (
					"DEBUG=1",
					"$(inherited)",
				);
				INFOPLIST_FILE = "MidTermTests/MidTermTests-Info.plist";
				PRODUCT_NAME = "$(TARGET_NAME)";
				TEST_HOST = "$(BUNDLE_LOADER)";
				WRAPPER_EXTENSION = xctest;
			};
			name = Debug;
		};
		6B3E320A1999D78600ED4805 /* Release */ = {
			isa = XCBuildConfiguration;
			buildSettings = {
				BUNDLE_LOADER = "$(BUILT_PRODUCTS_DIR)/MidTerm.app/MidTerm";
				FRAMEWORK_SEARCH_PATHS = (
					"$(SDKROOT)/Developer/Library/Frameworks",
					"$(inherited)",
					"$(DEVELOPER_FRAMEWORKS_DIR)",
				);
				GCC_PRECOMPILE_PREFIX_HEADER = YES;
				GCC_PREFIX_HEADER = "MidTerm/MidTerm-Prefix.pch";
				INFOPLIST_FILE = "MidTermTests/MidTermTests-Info.plist";
				PRODUCT_NAME = "$(TARGET_NAME)";
				TEST_HOST = "$(BUNDLE_LOADER)";
				WRAPPER_EXTENSION = xctest;
			};
			name = Release;
		};
/* End XCBuildConfiguration section */

/* Begin XCConfigurationList section */
		6B3E31CE1999D78600ED4805 /* Build configuration list for PBXProject "MidTerm" */ = {
			isa = XCConfigurationList;
			buildConfigurations = (
				6B3E32031999D78600ED4805 /* Debug */,
				6B3E32041999D78600ED4805 /* Release */,
			);
			defaultConfigurationIsVisible = 0;
			defaultConfigurationName = Release;
		};
		6B3E32051999D78600ED4805 /* Build configuration list for PBXNativeTarget "MidTerm" */ = {
			isa = XCConfigurationList;
			buildConfigurations = (
				6B3E32061999D78600ED4805 /* Debug */,
				6B3E32071999D78600ED4805 /* Release */,
			);
			defaultConfigurationIsVisible = 0;
		};
		6B3E32081999D78600ED4805 /* Build configuration list for PBXNativeTarget "MidTermTests" */ = {
			isa = XCConfigurationList;
			buildConfigurations = (
				6B3E32091999D78600ED4805 /* Debug */,
				6B3E320A1999D78600ED4805 /* Release */,
			);
			defaultConfigurationIsVisible = 0;
		};
/* End XCConfigurationList section */
	};
	rootObject = 6B3E31CB1999D78600ED4805 /* Project object */;
}
